
Microsoft Visual Studio Solution File, Format Version 12.00
# Visual Studio Version 17
VisualStudioVersion = 17.8.34309.116
MinimumVisualStudioVersion = 10.0.40219.1
Project("{888888A0-9F3D-457C-B088-3A5042F75D52}") = "P_CustomWindow", "P_CustomWindow.pyproj", "{7CA57EA8-C824-4115-9EEB-053257DDC0A1}"
EndProject
Global
	GlobalSection(SolutionConfigurationPlatforms) = preSolution
		Debug|Any CPU = Debug|Any CPU
		Release|Any CPU = Release|Any CPU
	EndGlobalSection
	GlobalSection(ProjectConfigurationPlatforms) = postSolution
		{7CA57EA8-C824-4115-9EEB-053257DDC0A1}.Debug|Any CPU.ActiveCfg = Debug|Any CPU
		{7CA57EA8-C824-4115-9EEB-053257DDC0A1}.Release|Any CPU.ActiveCfg = Release|Any CPU
	EndGlobalSection
	GlobalSection(SolutionProperties) = preSolution
		HideSolutionNode = FALSE
	EndGlobalSection
	GlobalSection(ExtensibilityGlobals) = postSolution
		SolutionGuid = {8F521AE6-4F4F-45AA-9A01-E43DDCC61A10}
	EndGlobalSection
EndGlobal
